
Microsoft Visual Studio Solution File, Format Version 12.00
# Visual Studio 15
VisualStudioVersion = 15.0.28307.1209
MinimumVisualStudioVersion = 10.0.40219.1
Project("{FAE04EC0-301F-11D3-BF4B-00C04F79EFBC}") = "POMSpecflow", "POMSpecflow\POMSpecflow.csproj", "{6CB244A4-9045-45F2-80BE-41AE7AC57941}"
EndProject
Global
	GlobalSection(SolutionConfigurationPlatforms) = preSolution
		Debug|Any CPU = Debug|Any CPU
		Release|Any CPU = Release|Any CPU
	EndGlobalSection
	GlobalSection(ProjectConfigurationPlatforms) = postSolution
		{6CB244A4-9045-45F2-80BE-41AE7AC57941}.Debug|Any CPU.ActiveCfg = Debug|Any CPU
		{6CB244A4-9045-45F2-80BE-41AE7AC57941}.Debug|Any CPU.Build.0 = Debug|Any CPU
		{6CB244A4-9045-45F2-80BE-41AE7AC57941}.Release|Any CPU.ActiveCfg = Release|Any CPU
		{6CB244A4-9045-45F2-80BE-41AE7AC57941}.Release|Any CPU.Build.0 = Release|Any CPU
	EndGlobalSection
	GlobalSection(SolutionProperties) = preSolution
		HideSolutionNode = FALSE
	EndGlobalSection
	GlobalSection(ExtensibilityGlobals) = postSolution
		SolutionGuid = {C55AFA8B-2CDC-4A53-9400-DEAD91C9963D}
	EndGlobalSection
EndGlobal
